
Microsoft Visual Studio Solution File, Format Version 12.00
Project("{FAE04EC0-301F-11D3-BF4B-00C04F79EFBC}") = "Calc", "Calc\Calc.csproj", "{3A3B3796-519D-4BFA-BC57-66ADFAAF8413}"
EndProject
Project("{FAE04EC0-301F-11D3-BF4B-00C04F79EFBC}") = "Calc_Tests", "Calc_Tests\Calc_Tests.csproj", "{522C13B1-BAF1-40AA-AA2F-53798A72A6F5}"
EndProject
Project("{F2A71F9B-5D33-465A-A702-920D77279786}") = "fsharp_calc", "fsharp_calc\fsharp_calc.fsproj", "{386E02D6-200B-49CD-A5F3-3329253EDC78}"
EndProject
Project("{FAE04EC0-301F-11D3-BF4B-00C04F79EFBC}") = "ASP_Calc", "ASP_Calc\ASP_Calc.csproj", "{D60B59FE-E05A-4CA8-A40C-0AE585310CF3}"
EndProject
Project("{F2A71F9B-5D33-465A-A702-920D77279786}") = "f_sharp_Proxy_calc", "f_sharp_Proxy_calc\f_sharp_Proxy_calc.fsproj", "{88A8BF1C-E2F5-452A-9705-4668B0A8FDAB}"
EndProject
Global
	GlobalSection(SolutionConfigurationPlatforms) = preSolution
		Debug|Any CPU = Debug|Any CPU
		Release|Any CPU = Release|Any CPU
	EndGlobalSection
	GlobalSection(ProjectConfigurationPlatforms) = postSolution
		{3A3B3796-519D-4BFA-BC57-66ADFAAF8413}.Debug|Any CPU.ActiveCfg = Debug|Any CPU
		{3A3B3796-519D-4BFA-BC57-66ADFAAF8413}.Debug|Any CPU.Build.0 = Debug|Any CPU
		{3A3B3796-519D-4BFA-BC57-66ADFAAF8413}.Release|Any CPU.ActiveCfg = Release|Any CPU
		{3A3B3796-519D-4BFA-BC57-66ADFAAF8413}.Release|Any CPU.Build.0 = Release|Any CPU
		{522C13B1-BAF1-40AA-AA2F-53798A72A6F5}.Debug|Any CPU.ActiveCfg = Debug|Any CPU
		{522C13B1-BAF1-40AA-AA2F-53798A72A6F5}.Debug|Any CPU.Build.0 = Debug|Any CPU
		{522C13B1-BAF1-40AA-AA2F-53798A72A6F5}.Release|Any CPU.ActiveCfg = Release|Any CPU
		{522C13B1-BAF1-40AA-AA2F-53798A72A6F5}.Release|Any CPU.Build.0 = Release|Any CPU
		{386E02D6-200B-49CD-A5F3-3329253EDC78}.Debug|Any CPU.ActiveCfg = Debug|Any CPU
		{386E02D6-200B-49CD-A5F3-3329253EDC78}.Debug|Any CPU.Build.0 = Debug|Any CPU
		{386E02D6-200B-49CD-A5F3-3329253EDC78}.Release|Any CPU.ActiveCfg = Release|Any CPU
		{386E02D6-200B-49CD-A5F3-3329253EDC78}.Release|Any CPU.Build.0 = Release|Any CPU
		{D60B59FE-E05A-4CA8-A40C-0AE585310CF3}.Debug|Any CPU.ActiveCfg = Debug|Any CPU
		{D60B59FE-E05A-4CA8-A40C-0AE585310CF3}.Debug|Any CPU.Build.0 = Debug|Any CPU
		{D60B59FE-E05A-4CA8-A40C-0AE585310CF3}.Release|Any CPU.ActiveCfg = Release|Any CPU
		{D60B59FE-E05A-4CA8-A40C-0AE585310CF3}.Release|Any CPU.Build.0 = Release|Any CPU
		{88A8BF1C-E2F5-452A-9705-4668B0A8FDAB}.Debug|Any CPU.ActiveCfg = Debug|Any CPU
		{88A8BF1C-E2F5-452A-9705-4668B0A8FDAB}.Debug|Any CPU.Build.0 = Debug|Any CPU
		{88A8BF1C-E2F5-452A-9705-4668B0A8FDAB}.Release|Any CPU.ActiveCfg = Release|Any CPU
		{88A8BF1C-E2F5-452A-9705-4668B0A8FDAB}.Release|Any CPU.Build.0 = Release|Any CPU
	EndGlobalSection
EndGlobal
